
Microsoft Visual Studio Solution File, Format Version 9.00
# Visual Studio 2005
Project("{FAE04EC0-301F-11D3-BF4B-00C04F79EFBC}") = "CSharpWindowsApp", "CSharpWindowsApp\CSharpWindowsApp.csproj", "{C0D614AC-530D-45C5-8FE3-A6FA2C75D48C}"
	ProjectSection(WebsiteProperties) = preProject
		Debug.AspNetCompiler.Debug = "True"
		Release.AspNetCompiler.Debug = "False"
	EndProjectSection
EndProject
Project("{F184B08F-C81C-45F6-A57F-5ABD9991F28F}") = "VBClassLibrary", "VBClassLibrary\VBClassLibrary.vbproj", "{B09A4F73-FA37-40D0-95F4-7CF0BAA8DC15}"
	ProjectSection(WebsiteProperties) = preProject
		Debug.AspNetCompiler.Debug = "True"
		Release.AspNetCompiler.Debug = "False"
	EndProjectSection
EndProject
Project("{930C7802-8A8C-48F9-8165-68863BCCD9DD}") = "WixSetup", "WixSetup\WixSetup.wixproj", "{355D9F73-AAA7-4EAB-AE5E-FBDF769AAEA1}"
	ProjectSection(WebsiteProperties) = preProject
		Debug.AspNetCompiler.Debug = "True"
		Release.AspNetCompiler.Debug = "False"
	EndProjectSection
EndProject
Project("{8BC9CEB8-8B4A-11D0-8D11-00A0C91BC942}") = "VCConsoleApp", "VCConsoleApp\VCConsoleApp.vcproj", "{9842C5B2-BE39-4AFB-8F4E-4ACF6BFDD5AA}"
	ProjectSection(WebsiteProperties) = preProject
		Debug.AspNetCompiler.Debug = "True"
		Release.AspNetCompiler.Debug = "False"
	EndProjectSection
EndProject
Global
	GlobalSection(SolutionConfigurationPlatforms) = preSolution
		Debug|Any CPU = Debug|Any CPU
		Debug|Mixed Platforms = Debug|Mixed Platforms
		Debug|Win32 = Debug|Win32
		Release|Any CPU = Release|Any CPU
		Release|Mixed Platforms = Release|Mixed Platforms
		Release|Win32 = Release|Win32
	EndGlobalSection
	GlobalSection(ProjectConfigurationPlatforms) = postSolution
		{C0D614AC-530D-45C5-8FE3-A6FA2C75D48C}.Debug|Any CPU.ActiveCfg = Debug|Any CPU
		{C0D614AC-530D-45C5-8FE3-A6FA2C75D48C}.Debug|Any CPU.Build.0 = Debug|Any CPU
		{C0D614AC-530D-45C5-8FE3-A6FA2C75D48C}.Debug|Mixed Platforms.ActiveCfg = Debug|Any CPU
		{C0D614AC-530D-45C5-8FE3-A6FA2C75D48C}.Debug|Mixed Platforms.Build.0 = Debug|Any CPU
		{C0D614AC-530D-45C5-8FE3-A6FA2C75D48C}.Debug|Win32.ActiveCfg = Debug|Any CPU
		{C0D614AC-530D-45C5-8FE3-A6FA2C75D48C}.Release|Any CPU.ActiveCfg = Release|Any CPU
		{C0D614AC-530D-45C5-8FE3-A6FA2C75D48C}.Release|Any CPU.Build.0 = Release|Any CPU
		{C0D614AC-530D-45C5-8FE3-A6FA2C75D48C}.Release|Mixed Platforms.ActiveCfg = Release|Any CPU
		{C0D614AC-530D-45C5-8FE3-A6FA2C75D48C}.Release|Mixed Platforms.Build.0 = Release|Any CPU
		{C0D614AC-530D-45C5-8FE3-A6FA2C75D48C}.Release|Win32.ActiveCfg = Release|Any CPU
		{B09A4F73-FA37-40D0-95F4-7CF0BAA8DC15}.Debug|Any CPU.ActiveCfg = Debug|Any CPU
		{B09A4F73-FA37-40D0-95F4-7CF0BAA8DC15}.Debug|Any CPU.Build.0 = Debug|Any CPU
		{B09A4F73-FA37-40D0-95F4-7CF0BAA8DC15}.Debug|Mixed Platforms.ActiveCfg = Debug|Any CPU
		{B09A4F73-FA37-40D0-95F4-7CF0BAA8DC15}.Debug|Mixed Platforms.Build.0 = Debug|Any CPU
		{B09A4F73-FA37-40D0-95F4-7CF0BAA8DC15}.Debug|Win32.ActiveCfg = Debug|Any CPU
		{B09A4F73-FA37-40D0-95F4-7CF0BAA8DC15}.Release|Any CPU.ActiveCfg = Release|Any CPU
		{B09A4F73-FA37-40D0-95F4-7CF0BAA8DC15}.Release|Any CPU.Build.0 = Release|Any CPU
		{B09A4F73-FA37-40D0-95F4-7CF0BAA8DC15}.Release|Mixed Platforms.ActiveCfg = Release|Any CPU
		{B09A4F73-FA37-40D0-95F4-7CF0BAA8DC15}.Release|Mixed Platforms.Build.0 = Release|Any CPU
		{B09A4F73-FA37-40D0-95F4-7CF0BAA8DC15}.Release|Win32.ActiveCfg = Release|Any CPU
		{355D9F73-AAA7-4EAB-AE5E-FBDF769AAEA1}.Debug|Any CPU.ActiveCfg = Debug|Any CPU
		{355D9F73-AAA7-4EAB-AE5E-FBDF769AAEA1}.Debug|Any CPU.Build.0 = Debug|Any CPU
		{355D9F73-AAA7-4EAB-AE5E-FBDF769AAEA1}.Debug|Mixed Platforms.ActiveCfg = Debug|Any CPU
		{355D9F73-AAA7-4EAB-AE5E-FBDF769AAEA1}.Debug|Mixed Platforms.Build.0 = Debug|Any CPU
		{355D9F73-AAA7-4EAB-AE5E-FBDF769AAEA1}.Debug|Win32.ActiveCfg = Debug|Any CPU
		{355D9F73-AAA7-4EAB-AE5E-FBDF769AAEA1}.Release|Any CPU.ActiveCfg = Release|Any CPU
		{355D9F73-AAA7-4EAB-AE5E-FBDF769AAEA1}.Release|Any CPU.Build.0 = Release|Any CPU
		{355D9F73-AAA7-4EAB-AE5E-FBDF769AAEA1}.Release|Mixed Platforms.ActiveCfg = Release|Any CPU
		{355D9F73-AAA7-4EAB-AE5E-FBDF769AAEA1}.Release|Mixed Platforms.Build.0 = Release|Any CPU
		{355D9F73-AAA7-4EAB-AE5E-FBDF769AAEA1}.Release|Win32.ActiveCfg = Release|Any CPU
		{9842C5B2-BE39-4AFB-8F4E-4ACF6BFDD5AA}.Debug|Any CPU.ActiveCfg = Debug|Win32
		{9842C5B2-BE39-4AFB-8F4E-4ACF6BFDD5AA}.Debug|Mixed Platforms.ActiveCfg = Debug|Win32
		{9842C5B2-BE39-4AFB-8F4E-4ACF6BFDD5AA}.Debug|Mixed Platforms.Build.0 = Debug|Win32
		{9842C5B2-BE39-4AFB-8F4E-4ACF6BFDD5AA}.Debug|Win32.ActiveCfg = Debug|Win32
		{9842C5B2-BE39-4AFB-8F4E-4ACF6BFDD5AA}.Debug|Win32.Build.0 = Debug|Win32
		{9842C5B2-BE39-4AFB-8F4E-4ACF6BFDD5AA}.Release|Any CPU.ActiveCfg = Release|Win32
		{9842C5B2-BE39-4AFB-8F4E-4ACF6BFDD5AA}.Release|Mixed Platforms.ActiveCfg = Release|Win32
		{9842C5B2-BE39-4AFB-8F4E-4ACF6BFDD5AA}.Release|Mixed Platforms.Build.0 = Release|Win32
		{9842C5B2-BE39-4AFB-8F4E-4ACF6BFDD5AA}.Release|Win32.ActiveCfg = Release|Win32
		{9842C5B2-BE39-4AFB-8F4E-4ACF6BFDD5AA}.Release|Win32.Build.0 = Release|Win32
	EndGlobalSection
	GlobalSection(SolutionProperties) = preSolution
		HideSolutionNode = FALSE
	EndGlobalSection
EndGlobal
