
Microsoft Visual Studio Solution File, Format Version 12.00
# Visual Studio 14
VisualStudioVersion = 14.0.25420.1
MinimumVisualStudioVersion = 10.0.40219.1
Project("{2150E333-8FDC-42A3-9474-1A3956D46DE8}") = "src", "src", "{FED58867-13B8-4122-96B1-D13DA8EDDE9C}"
EndProject
Project("{2150E333-8FDC-42A3-9474-1A3956D46DE8}") = "Solution Items", "Solution Items", "{4BD98835-24EF-4055-A273-8D64A0ADA762}"
	ProjectSection(SolutionItems) = preProject
		global.json = global.json
	EndProjectSection
EndProject
Project("{8BB2217D-0F2D-49D1-97BC-3654ED321F3B}") = "MvcMovie", "src\MvcMovie\MvcMovie.xproj", "{AAC6F9A5-3340-4EAD-96B3-45218D29DABB}"
EndProject
Global
	GlobalSection(SolutionConfigurationPlatforms) = preSolution
		Debug|Any CPU = Debug|Any CPU
		Release|Any CPU = Release|Any CPU
	EndGlobalSection
	GlobalSection(ProjectConfigurationPlatforms) = postSolution
		{AAC6F9A5-3340-4EAD-96B3-45218D29DABB}.Debug|Any CPU.ActiveCfg = Debug|Any CPU
		{AAC6F9A5-3340-4EAD-96B3-45218D29DABB}.Debug|Any CPU.Build.0 = Debug|Any CPU
		{AAC6F9A5-3340-4EAD-96B3-45218D29DABB}.Release|Any CPU.ActiveCfg = Release|Any CPU
		{AAC6F9A5-3340-4EAD-96B3-45218D29DABB}.Release|Any CPU.Build.0 = Release|Any CPU
	EndGlobalSection
	GlobalSection(SolutionProperties) = preSolution
		HideSolutionNode = FALSE
	EndGlobalSection
	GlobalSection(NestedProjects) = preSolution
		{AAC6F9A5-3340-4EAD-96B3-45218D29DABB} = {FED58867-13B8-4122-96B1-D13DA8EDDE9C}
	EndGlobalSection
EndGlobal
