
Microsoft Visual Studio Solution File, Format Version 12.00
# Visual Studio 2013
VisualStudioVersion = 12.0.40629.0
MinimumVisualStudioVersion = 10.0.40219.1
Project("{FAE04EC0-301F-11D3-BF4B-00C04F79EFBC}") = "StringVariables", "StringVariables\StringVariables.csproj", "{9FEF6E20-3AA9-4454-BE37-E661B79E2D7B}"
EndProject
Global
	GlobalSection(SolutionConfigurationPlatforms) = preSolution
		Debug|Any CPU = Debug|Any CPU
		Release|Any CPU = Release|Any CPU
	EndGlobalSection
	GlobalSection(ProjectConfigurationPlatforms) = postSolution
		{9FEF6E20-3AA9-4454-BE37-E661B79E2D7B}.Debug|Any CPU.ActiveCfg = Debug|Any CPU
		{9FEF6E20-3AA9-4454-BE37-E661B79E2D7B}.Debug|Any CPU.Build.0 = Debug|Any CPU
		{9FEF6E20-3AA9-4454-BE37-E661B79E2D7B}.Release|Any CPU.ActiveCfg = Release|Any CPU
		{9FEF6E20-3AA9-4454-BE37-E661B79E2D7B}.Release|Any CPU.Build.0 = Release|Any CPU
	EndGlobalSection
	GlobalSection(SolutionProperties) = preSolution
		HideSolutionNode = FALSE
	EndGlobalSection
EndGlobal
