
Microsoft Visual Studio Solution File, Format Version 9.00
# Visual Studio 2005
Project("{930C7802-8A8C-48F9-8165-68863BCCD9DD}") = "Product", "Product.wixproj", "{00171914-3243-4B4D-ADF0-C8C86295223B}"
EndProject
Global
	GlobalSection(SolutionConfigurationPlatforms) = preSolution
		Debug|Any CPU = Debug|Any CPU
		Release|Any CPU = Release|Any CPU
	EndGlobalSection
	GlobalSection(ProjectConfigurationPlatforms) = postSolution
		{00171914-3243-4B4D-ADF0-C8C86295223B}.Debug|Any CPU.ActiveCfg = Debug|Any CPU
		{00171914-3243-4B4D-ADF0-C8C86295223B}.Debug|Any CPU.Build.0 = Debug|Any CPU
		{00171914-3243-4B4D-ADF0-C8C86295223B}.Release|Any CPU.ActiveCfg = Release|Any CPU
		{00171914-3243-4B4D-ADF0-C8C86295223B}.Release|Any CPU.Build.0 = Release|Any CPU
	EndGlobalSection
	GlobalSection(SolutionProperties) = preSolution
		HideSolutionNode = FALSE
	EndGlobalSection
EndGlobal
